
Microsoft Visual Studio Solution File, Format Version 12.00
# Visual Studio Version 17
VisualStudioVersion = 17.7.34009.444
MinimumVisualStudioVersion = 10.0.40219.1
Project("{9A19103F-16F7-4668-BE54-9A1E7A4F7556}") = "Netflask.Web", "Netflask.Web\Netflask.Web.csproj", "{7EEC7E35-0BF9-480F-B229-0B08CC2EB340}"
EndProject
Project("{FAE04EC0-301F-11D3-BF4B-00C04F79EFBC}") = "Test", "Test\Test.csproj", "{51E29721-A161-4B43-96E5-C6331A3B0248}"
EndProject
Project("{FAE04EC0-301F-11D3-BF4B-00C04F79EFBC}") = "RequestLibrairie", "RequestLibrairie\RequestLibrairie.csproj", "{6C0523DA-5463-4055-8242-0C1F7918ECB2}"
EndProject
Global
	GlobalSection(SolutionConfigurationPlatforms) = preSolution
		Debug|Any CPU = Debug|Any CPU
		Release|Any CPU = Release|Any CPU
	EndGlobalSection
	GlobalSection(ProjectConfigurationPlatforms) = postSolution
		{7EEC7E35-0BF9-480F-B229-0B08CC2EB340}.Debug|Any CPU.ActiveCfg = Debug|Any CPU
		{7EEC7E35-0BF9-480F-B229-0B08CC2EB340}.Debug|Any CPU.Build.0 = Debug|Any CPU
		{7EEC7E35-0BF9-480F-B229-0B08CC2EB340}.Release|Any CPU.ActiveCfg = Release|Any CPU
		{7EEC7E35-0BF9-480F-B229-0B08CC2EB340}.Release|Any CPU.Build.0 = Release|Any CPU
		{51E29721-A161-4B43-96E5-C6331A3B0248}.Debug|Any CPU.ActiveCfg = Debug|Any CPU
		{51E29721-A161-4B43-96E5-C6331A3B0248}.Debug|Any CPU.Build.0 = Debug|Any CPU
		{51E29721-A161-4B43-96E5-C6331A3B0248}.Release|Any CPU.ActiveCfg = Release|Any CPU
		{51E29721-A161-4B43-96E5-C6331A3B0248}.Release|Any CPU.Build.0 = Release|Any CPU
		{6C0523DA-5463-4055-8242-0C1F7918ECB2}.Debug|Any CPU.ActiveCfg = Debug|Any CPU
		{6C0523DA-5463-4055-8242-0C1F7918ECB2}.Debug|Any CPU.Build.0 = Debug|Any CPU
		{6C0523DA-5463-4055-8242-0C1F7918ECB2}.Release|Any CPU.ActiveCfg = Release|Any CPU
		{6C0523DA-5463-4055-8242-0C1F7918ECB2}.Release|Any CPU.Build.0 = Release|Any CPU
	EndGlobalSection
	GlobalSection(SolutionProperties) = preSolution
		HideSolutionNode = FALSE
	EndGlobalSection
	GlobalSection(ExtensibilityGlobals) = postSolution
		SolutionGuid = {4E22FEDD-E029-4223-BE10-DB13ED0FA3C0}
	EndGlobalSection
EndGlobal
